
Microsoft Visual Studio Solution File, Format Version 12.00
# Visual Studio Version 17
VisualStudioVersion = 17.3.32901.215
MinimumVisualStudioVersion = 10.0.40219.1
Project("{FAE04EC0-301F-11D3-BF4B-00C04F79EFBC}") = "Работа с классами", "Работа с классами\Работа с классами.csproj", "{321CC6A0-2050-4376-962D-83EC5367CE31}"
EndProject
Global
	GlobalSection(SolutionConfigurationPlatforms) = preSolution
		Debug|Any CPU = Debug|Any CPU
		Release|Any CPU = Release|Any CPU
	EndGlobalSection
	GlobalSection(ProjectConfigurationPlatforms) = postSolution
		{321CC6A0-2050-4376-962D-83EC5367CE31}.Debug|Any CPU.ActiveCfg = Debug|Any CPU
		{321CC6A0-2050-4376-962D-83EC5367CE31}.Debug|Any CPU.Build.0 = Debug|Any CPU
		{321CC6A0-2050-4376-962D-83EC5367CE31}.Release|Any CPU.ActiveCfg = Release|Any CPU
		{321CC6A0-2050-4376-962D-83EC5367CE31}.Release|Any CPU.Build.0 = Release|Any CPU
	EndGlobalSection
	GlobalSection(SolutionProperties) = preSolution
		HideSolutionNode = FALSE
	EndGlobalSection
	GlobalSection(ExtensibilityGlobals) = postSolution
		SolutionGuid = {FEE5170B-B214-4607-A45A-55D5B322E25F}
	EndGlobalSection
EndGlobal
